
Microsoft Visual Studio Solution File, Format Version 12.00
# Visual Studio Version 17
VisualStudioVersion = 17.14.36127.28
MinimumVisualStudioVersion = 10.0.40219.1
Project("{FAE04EC0-301F-11D3-BF4B-00C04F79EFBC}") = "DesafioTecnicoSenai.API", "DesafioTecnicoSenai.API\DesafioTecnicoSenai.API.csproj", "{1995EEC8-EADF-406E-8F9D-911744CA931D}"
EndProject
Project("{FAE04EC0-301F-11D3-BF4B-00C04F79EFBC}") = "DesafioTecnicoSenai.Application", "DesafioTecnicoSenai.Application\DesafioTecnicoSenai.Application.csproj", "{E81293E4-E6AE-4226-81E6-FAD0808F329F}"
EndProject
Project("{FAE04EC0-301F-11D3-BF4B-00C04F79EFBC}") = "DesafioTecnicoSenai.Domain", "DesafioTecnicoSenai.Domain\DesafioTecnicoSenai.Domain.csproj", "{1883D03A-42CC-45F1-8F19-18FF9B6753DC}"
EndProject
Project("{FAE04EC0-301F-11D3-BF4B-00C04F79EFBC}") = "DesafioTecnicoSenai.InfraData", "DesafioTecnicoSenai.InfraData\DesafioTecnicoSenai.InfraData.csproj", "{18B372CA-BFA9-4AFC-BBDD-3CE38014AB7B}"
EndProject
Project("{2150E333-8FDC-42A3-9474-1A3956D46DE8}") = "Tests", "Tests", "{02EA681E-C7D8-13C7-8484-4AC65E1B71E8}"
EndProject
Project("{FAE04EC0-301F-11D3-BF4B-00C04F79EFBC}") = "DesafioTecnicoSenai.Tests", "DesafioTecnicoSenai.Tests\DesafioTecnicoSenai.Tests.csproj", "{A1874EDF-7779-425C-A123-F57BE60B0A1F}"
EndProject
Project("{2150E333-8FDC-42A3-9474-1A3956D46DE8}") = "Infrastructure", "Infrastructure", "{9927333F-2BA7-469F-B117-D16B8067F67A}"
EndProject
Project("{FAE04EC0-301F-11D3-BF4B-00C04F79EFBC}") = "DesafioTecnicoSenai.InfraFramework", "DesafioTecnicoSenai.InfraFramework\DesafioTecnicoSenai.InfraFramework.csproj", "{FA28F601-6688-4FA3-B2CA-7C0555088586}"
EndProject
Project("{2150E333-8FDC-42A3-9474-1A3956D46DE8}") = "Api", "Api", "{EB529FD3-4E6D-428E-AABB-C5DFE7EB7E9A}"
EndProject
Project("{2150E333-8FDC-42A3-9474-1A3956D46DE8}") = "Application", "Application", "{65C94507-8F2F-4C16-B1A1-E0C2820D6A1E}"
EndProject
Project("{2150E333-8FDC-42A3-9474-1A3956D46DE8}") = "Domain", "Domain", "{63E6736E-16B3-4DD3-8770-10A7EEF925A4}"
EndProject
Global
	GlobalSection(SolutionConfigurationPlatforms) = preSolution
		Debug|Any CPU = Debug|Any CPU
		Release|Any CPU = Release|Any CPU
	EndGlobalSection
	GlobalSection(ProjectConfigurationPlatforms) = postSolution
		{1995EEC8-EADF-406E-8F9D-911744CA931D}.Debug|Any CPU.ActiveCfg = Debug|Any CPU
		{1995EEC8-EADF-406E-8F9D-911744CA931D}.Debug|Any CPU.Build.0 = Debug|Any CPU
		{1995EEC8-EADF-406E-8F9D-911744CA931D}.Release|Any CPU.ActiveCfg = Release|Any CPU
		{1995EEC8-EADF-406E-8F9D-911744CA931D}.Release|Any CPU.Build.0 = Release|Any CPU
		{E81293E4-E6AE-4226-81E6-FAD0808F329F}.Debug|Any CPU.ActiveCfg = Debug|Any CPU
		{E81293E4-E6AE-4226-81E6-FAD0808F329F}.Debug|Any CPU.Build.0 = Debug|Any CPU
		{E81293E4-E6AE-4226-81E6-FAD0808F329F}.Release|Any CPU.ActiveCfg = Release|Any CPU
		{E81293E4-E6AE-4226-81E6-FAD0808F329F}.Release|Any CPU.Build.0 = Release|Any CPU
		{1883D03A-42CC-45F1-8F19-18FF9B6753DC}.Debug|Any CPU.ActiveCfg = Debug|Any CPU
		{1883D03A-42CC-45F1-8F19-18FF9B6753DC}.Debug|Any CPU.Build.0 = Debug|Any CPU
		{1883D03A-42CC-45F1-8F19-18FF9B6753DC}.Release|Any CPU.ActiveCfg = Release|Any CPU
		{1883D03A-42CC-45F1-8F19-18FF9B6753DC}.Release|Any CPU.Build.0 = Release|Any CPU
		{18B372CA-BFA9-4AFC-BBDD-3CE38014AB7B}.Debug|Any CPU.ActiveCfg = Debug|Any CPU
		{18B372CA-BFA9-4AFC-BBDD-3CE38014AB7B}.Debug|Any CPU.Build.0 = Debug|Any CPU
		{18B372CA-BFA9-4AFC-BBDD-3CE38014AB7B}.Release|Any CPU.ActiveCfg = Release|Any CPU
		{18B372CA-BFA9-4AFC-BBDD-3CE38014AB7B}.Release|Any CPU.Build.0 = Release|Any CPU
		{A1874EDF-7779-425C-A123-F57BE60B0A1F}.Debug|Any CPU.ActiveCfg = Debug|Any CPU
		{A1874EDF-7779-425C-A123-F57BE60B0A1F}.Debug|Any CPU.Build.0 = Debug|Any CPU
		{A1874EDF-7779-425C-A123-F57BE60B0A1F}.Release|Any CPU.ActiveCfg = Release|Any CPU
		{A1874EDF-7779-425C-A123-F57BE60B0A1F}.Release|Any CPU.Build.0 = Release|Any CPU
		{FA28F601-6688-4FA3-B2CA-7C0555088586}.Debug|Any CPU.ActiveCfg = Debug|Any CPU
		{FA28F601-6688-4FA3-B2CA-7C0555088586}.Debug|Any CPU.Build.0 = Debug|Any CPU
		{FA28F601-6688-4FA3-B2CA-7C0555088586}.Release|Any CPU.ActiveCfg = Release|Any CPU
		{FA28F601-6688-4FA3-B2CA-7C0555088586}.Release|Any CPU.Build.0 = Release|Any CPU
	EndGlobalSection
	GlobalSection(SolutionProperties) = preSolution
		HideSolutionNode = FALSE
	EndGlobalSection
	GlobalSection(NestedProjects) = preSolution
		{1995EEC8-EADF-406E-8F9D-911744CA931D} = {EB529FD3-4E6D-428E-AABB-C5DFE7EB7E9A}
		{E81293E4-E6AE-4226-81E6-FAD0808F329F} = {65C94507-8F2F-4C16-B1A1-E0C2820D6A1E}
		{1883D03A-42CC-45F1-8F19-18FF9B6753DC} = {63E6736E-16B3-4DD3-8770-10A7EEF925A4}
		{18B372CA-BFA9-4AFC-BBDD-3CE38014AB7B} = {9927333F-2BA7-469F-B117-D16B8067F67A}
		{A1874EDF-7779-425C-A123-F57BE60B0A1F} = {02EA681E-C7D8-13C7-8484-4AC65E1B71E8}
		{FA28F601-6688-4FA3-B2CA-7C0555088586} = {9927333F-2BA7-469F-B117-D16B8067F67A}
	EndGlobalSection
	GlobalSection(ExtensibilityGlobals) = postSolution
		SolutionGuid = {58C15B16-4AFA-4923-9C1A-9D74A12B6441}
	EndGlobalSection
EndGlobal
